
Microsoft Visual Studio Solution File, Format Version 12.00
# Visual Studio 15
VisualStudioVersion = 15.0.27703.2000
MinimumVisualStudioVersion = 10.0.40219.1
Project("{A07B5EB6-E848-4116-A8D0-A826331D98C6}") = "ECommerce", "ECommerce\ECommerce.sfproj", "{FC29EFBB-22EE-4D7C-AD5B-75C54857B034}"
EndProject
Project("{FAE04EC0-301F-11D3-BF4B-00C04F79EFBC}") = "ECommerce.ProductCatalog.Model", "ECommerce.ProductCatalog.Model\ECommerce.ProductCatalog.Model.csproj", "{72D5A7CB-EC72-4987-B6DB-1B6022639D17}"
EndProject
Project("{9A19103F-16F7-4668-BE54-9A1E7A4F7556}") = "ECommerce.ProductCatalog", "ECommerce.ProductCatalog\ECommerce.ProductCatalog.csproj", "{39C84AAD-59DF-4396-A472-EC781D0F8724}"
EndProject
Project("{9A19103F-16F7-4668-BE54-9A1E7A4F7556}") = "ECommerce.API", "ECommerce.API\ECommerce.API.csproj", "{E66A2B1A-5EA9-4C7D-AE36-34FF5268E86F}"
EndProject
Project("{FAE04EC0-301F-11D3-BF4B-00C04F79EFBC}") = "UserActor", "UserActor\UserActor.csproj", "{429D3072-EB4D-44E5-8113-25E376A64A32}"
EndProject
Project("{FAE04EC0-301F-11D3-BF4B-00C04F79EFBC}") = "UserActor.Interfaces", "UserActor.Interfaces\UserActor.Interfaces.csproj", "{652EA82A-DECB-4B6A-9DDD-972BA7C3CCB9}"
EndProject
Project("{FAE04EC0-301F-11D3-BF4B-00C04F79EFBC}") = "ECommerce.CheckoutService", "ECommerce.CheckoutService\ECommerce.CheckoutService.csproj", "{B936C9CF-AE15-4F4F-AF0B-9BC5CA5AA855}"
EndProject
Project("{FAE04EC0-301F-11D3-BF4B-00C04F79EFBC}") = "ECommerce.CheckoutService.Model", "ECommerce.CehckoutService.Model\ECommerce.CheckoutService.Model.csproj", "{F84FC1E6-CF95-4518-8D14-C01735323E72}"
EndProject
Global
	GlobalSection(SolutionConfigurationPlatforms) = preSolution
		Debug|Any CPU = Debug|Any CPU
		Debug|x64 = Debug|x64
		Release|Any CPU = Release|Any CPU
		Release|x64 = Release|x64
	EndGlobalSection
	GlobalSection(ProjectConfigurationPlatforms) = postSolution
		{FC29EFBB-22EE-4D7C-AD5B-75C54857B034}.Debug|Any CPU.ActiveCfg = Debug|x64
		{FC29EFBB-22EE-4D7C-AD5B-75C54857B034}.Debug|x64.ActiveCfg = Debug|x64
		{FC29EFBB-22EE-4D7C-AD5B-75C54857B034}.Debug|x64.Build.0 = Debug|x64
		{FC29EFBB-22EE-4D7C-AD5B-75C54857B034}.Debug|x64.Deploy.0 = Debug|x64
		{FC29EFBB-22EE-4D7C-AD5B-75C54857B034}.Release|Any CPU.ActiveCfg = Release|x64
		{FC29EFBB-22EE-4D7C-AD5B-75C54857B034}.Release|x64.ActiveCfg = Release|x64
		{FC29EFBB-22EE-4D7C-AD5B-75C54857B034}.Release|x64.Build.0 = Release|x64
		{FC29EFBB-22EE-4D7C-AD5B-75C54857B034}.Release|x64.Deploy.0 = Release|x64
		{72D5A7CB-EC72-4987-B6DB-1B6022639D17}.Debug|Any CPU.ActiveCfg = Debug|Any CPU
		{72D5A7CB-EC72-4987-B6DB-1B6022639D17}.Debug|Any CPU.Build.0 = Debug|Any CPU
		{72D5A7CB-EC72-4987-B6DB-1B6022639D17}.Debug|x64.ActiveCfg = Debug|Any CPU
		{72D5A7CB-EC72-4987-B6DB-1B6022639D17}.Debug|x64.Build.0 = Debug|Any CPU
		{72D5A7CB-EC72-4987-B6DB-1B6022639D17}.Release|Any CPU.ActiveCfg = Release|Any CPU
		{72D5A7CB-EC72-4987-B6DB-1B6022639D17}.Release|Any CPU.Build.0 = Release|Any CPU
		{72D5A7CB-EC72-4987-B6DB-1B6022639D17}.Release|x64.ActiveCfg = Release|Any CPU
		{72D5A7CB-EC72-4987-B6DB-1B6022639D17}.Release|x64.Build.0 = Release|Any CPU
		{39C84AAD-59DF-4396-A472-EC781D0F8724}.Debug|Any CPU.ActiveCfg = Debug|Any CPU
		{39C84AAD-59DF-4396-A472-EC781D0F8724}.Debug|Any CPU.Build.0 = Debug|Any CPU
		{39C84AAD-59DF-4396-A472-EC781D0F8724}.Debug|x64.ActiveCfg = Debug|Any CPU
		{39C84AAD-59DF-4396-A472-EC781D0F8724}.Debug|x64.Build.0 = Debug|Any CPU
		{39C84AAD-59DF-4396-A472-EC781D0F8724}.Release|Any CPU.ActiveCfg = Release|Any CPU
		{39C84AAD-59DF-4396-A472-EC781D0F8724}.Release|Any CPU.Build.0 = Release|Any CPU
		{39C84AAD-59DF-4396-A472-EC781D0F8724}.Release|x64.ActiveCfg = Release|Any CPU
		{39C84AAD-59DF-4396-A472-EC781D0F8724}.Release|x64.Build.0 = Release|Any CPU
		{E66A2B1A-5EA9-4C7D-AE36-34FF5268E86F}.Debug|Any CPU.ActiveCfg = Debug|Any CPU
		{E66A2B1A-5EA9-4C7D-AE36-34FF5268E86F}.Debug|Any CPU.Build.0 = Debug|Any CPU
		{E66A2B1A-5EA9-4C7D-AE36-34FF5268E86F}.Debug|x64.ActiveCfg = Debug|Any CPU
		{E66A2B1A-5EA9-4C7D-AE36-34FF5268E86F}.Debug|x64.Build.0 = Debug|Any CPU
		{E66A2B1A-5EA9-4C7D-AE36-34FF5268E86F}.Release|Any CPU.ActiveCfg = Release|Any CPU
		{E66A2B1A-5EA9-4C7D-AE36-34FF5268E86F}.Release|Any CPU.Build.0 = Release|Any CPU
		{E66A2B1A-5EA9-4C7D-AE36-34FF5268E86F}.Release|x64.ActiveCfg = Release|Any CPU
		{E66A2B1A-5EA9-4C7D-AE36-34FF5268E86F}.Release|x64.Build.0 = Release|Any CPU
		{429D3072-EB4D-44E5-8113-25E376A64A32}.Debug|Any CPU.ActiveCfg = Debug|x64
		{429D3072-EB4D-44E5-8113-25E376A64A32}.Debug|x64.ActiveCfg = Debug|x64
		{429D3072-EB4D-44E5-8113-25E376A64A32}.Debug|x64.Build.0 = Debug|x64
		{429D3072-EB4D-44E5-8113-25E376A64A32}.Release|Any CPU.ActiveCfg = Release|x64
		{429D3072-EB4D-44E5-8113-25E376A64A32}.Release|x64.ActiveCfg = Release|x64
		{429D3072-EB4D-44E5-8113-25E376A64A32}.Release|x64.Build.0 = Release|x64
		{652EA82A-DECB-4B6A-9DDD-972BA7C3CCB9}.Debug|Any CPU.ActiveCfg = Debug|x64
		{652EA82A-DECB-4B6A-9DDD-972BA7C3CCB9}.Debug|x64.ActiveCfg = Debug|x64
		{652EA82A-DECB-4B6A-9DDD-972BA7C3CCB9}.Debug|x64.Build.0 = Debug|x64
		{652EA82A-DECB-4B6A-9DDD-972BA7C3CCB9}.Release|Any CPU.ActiveCfg = Release|x64
		{652EA82A-DECB-4B6A-9DDD-972BA7C3CCB9}.Release|x64.ActiveCfg = Release|x64
		{652EA82A-DECB-4B6A-9DDD-972BA7C3CCB9}.Release|x64.Build.0 = Release|x64
		{B936C9CF-AE15-4F4F-AF0B-9BC5CA5AA855}.Debug|Any CPU.ActiveCfg = Debug|x64
		{B936C9CF-AE15-4F4F-AF0B-9BC5CA5AA855}.Debug|x64.ActiveCfg = Debug|x64
		{B936C9CF-AE15-4F4F-AF0B-9BC5CA5AA855}.Debug|x64.Build.0 = Debug|x64
		{B936C9CF-AE15-4F4F-AF0B-9BC5CA5AA855}.Release|Any CPU.ActiveCfg = Release|x64
		{B936C9CF-AE15-4F4F-AF0B-9BC5CA5AA855}.Release|x64.ActiveCfg = Release|x64
		{B936C9CF-AE15-4F4F-AF0B-9BC5CA5AA855}.Release|x64.Build.0 = Release|x64
		{F84FC1E6-CF95-4518-8D14-C01735323E72}.Debug|Any CPU.ActiveCfg = Debug|Any CPU
		{F84FC1E6-CF95-4518-8D14-C01735323E72}.Debug|Any CPU.Build.0 = Debug|Any CPU
		{F84FC1E6-CF95-4518-8D14-C01735323E72}.Debug|x64.ActiveCfg = Debug|Any CPU
		{F84FC1E6-CF95-4518-8D14-C01735323E72}.Debug|x64.Build.0 = Debug|Any CPU
		{F84FC1E6-CF95-4518-8D14-C01735323E72}.Release|Any CPU.ActiveCfg = Release|Any CPU
		{F84FC1E6-CF95-4518-8D14-C01735323E72}.Release|Any CPU.Build.0 = Release|Any CPU
		{F84FC1E6-CF95-4518-8D14-C01735323E72}.Release|x64.ActiveCfg = Release|Any CPU
		{F84FC1E6-CF95-4518-8D14-C01735323E72}.Release|x64.Build.0 = Release|Any CPU
	EndGlobalSection
	GlobalSection(SolutionProperties) = preSolution
		HideSolutionNode = FALSE
	EndGlobalSection
	GlobalSection(ExtensibilityGlobals) = postSolution
		SolutionGuid = {BD676395-E41E-48CD-BECE-0D5EB7DD4C86}
	EndGlobalSection
EndGlobal
